
Microsoft Visual Studio Solution File, Format Version 12.00
# Visual Studio 2013
VisualStudioVersion = 12.0.31101.0
MinimumVisualStudioVersion = 10.0.40219.1
Project("{FAE04EC0-301F-11D3-BF4B-00C04F79EFBC}") = "Generacion_Hash", "Generacion_Hash\Generacion_Hash.csproj", "{9991E27A-B758-46FC-835C-50553CEDAF47}"
EndProject
Project("{FAE04EC0-301F-11D3-BF4B-00C04F79EFBC}") = "Modulo_Hash", "Modulo_Hash\Modulo_Hash.csproj", "{0D9360E3-246F-478B-BAE7-BB1B2E81D2B8}"
EndProject
Project("{FAE04EC0-301F-11D3-BF4B-00C04F79EFBC}") = "Genera_Hash_Xml", "Genera_Hash_Xml\Genera_Hash_Xml.csproj", "{B2EAA028-FC3D-4525-AE1F-732FDED65DF9}"
EndProject
Project("{54435603-DBB4-11D2-8724-00A0C9A8B90C}") = "Install_Hash", "Install_Hash\Install_Hash.vdproj", "{7BBBB005-F4C2-4D70-A1B2-AEECFDBBFD7D}"
EndProject
Project("{6141683F-8A12-4E36-9623-2EB02B2C2303}") = "Instalador", "Instalador\Instalador.isproj", "{AB10A419-08CE-4E54-9DC7-F379FE565E64}"
	ProjectSection(ProjectDependencies) = postProject
		{B2EAA028-FC3D-4525-AE1F-732FDED65DF9} = {B2EAA028-FC3D-4525-AE1F-732FDED65DF9}
	EndProjectSection
EndProject
Project("{FAE04EC0-301F-11D3-BF4B-00C04F79EFBC}") = "Activar_Servicio_Windows", "Activar_Servicio_Windows\Activar_Servicio_Windows.csproj", "{D97F1DD6-48B5-4CD5-A96A-48D94591D94B}"
EndProject
Project("{FAE04EC0-301F-11D3-BF4B-00C04F79EFBC}") = "Configuracion_Servicio", "Configuracion_Servicio\Configuracion_Servicio.csproj", "{0B49D269-70A6-42FE-B04B-AD4855210EEF}"
EndProject
Global
	GlobalSection(SolutionConfigurationPlatforms) = preSolution
		CD_ROM|Any CPU = CD_ROM|Any CPU
		CD_ROM|Mixed Platforms = CD_ROM|Mixed Platforms
		CD_ROM|x64 = CD_ROM|x64
		CD_ROM|x86 = CD_ROM|x86
		Debug|Any CPU = Debug|Any CPU
		Debug|Mixed Platforms = Debug|Mixed Platforms
		Debug|x64 = Debug|x64
		Debug|x86 = Debug|x86
		DVD-5|Any CPU = DVD-5|Any CPU
		DVD-5|Mixed Platforms = DVD-5|Mixed Platforms
		DVD-5|x64 = DVD-5|x64
		DVD-5|x86 = DVD-5|x86
		Release|Any CPU = Release|Any CPU
		Release|Mixed Platforms = Release|Mixed Platforms
		Release|x64 = Release|x64
		Release|x86 = Release|x86
		SingleImage|Any CPU = SingleImage|Any CPU
		SingleImage|Mixed Platforms = SingleImage|Mixed Platforms
		SingleImage|x64 = SingleImage|x64
		SingleImage|x86 = SingleImage|x86
	EndGlobalSection
	GlobalSection(ProjectConfigurationPlatforms) = postSolution
		{9991E27A-B758-46FC-835C-50553CEDAF47}.CD_ROM|Any CPU.ActiveCfg = Release|Any CPU
		{9991E27A-B758-46FC-835C-50553CEDAF47}.CD_ROM|Any CPU.Build.0 = Release|Any CPU
		{9991E27A-B758-46FC-835C-50553CEDAF47}.CD_ROM|Mixed Platforms.ActiveCfg = Debug|x86
		{9991E27A-B758-46FC-835C-50553CEDAF47}.CD_ROM|Mixed Platforms.Build.0 = Debug|x86
		{9991E27A-B758-46FC-835C-50553CEDAF47}.CD_ROM|x64.ActiveCfg = Release|Any CPU
		{9991E27A-B758-46FC-835C-50553CEDAF47}.CD_ROM|x86.ActiveCfg = Release|x86
		{9991E27A-B758-46FC-835C-50553CEDAF47}.CD_ROM|x86.Build.0 = Release|x86
		{9991E27A-B758-46FC-835C-50553CEDAF47}.Debug|Any CPU.ActiveCfg = Debug|x86
		{9991E27A-B758-46FC-835C-50553CEDAF47}.Debug|Any CPU.Build.0 = Debug|x86
		{9991E27A-B758-46FC-835C-50553CEDAF47}.Debug|Mixed Platforms.ActiveCfg = Debug|x86
		{9991E27A-B758-46FC-835C-50553CEDAF47}.Debug|Mixed Platforms.Build.0 = Debug|x86
		{9991E27A-B758-46FC-835C-50553CEDAF47}.Debug|x64.ActiveCfg = Debug|x86
		{9991E27A-B758-46FC-835C-50553CEDAF47}.Debug|x64.Build.0 = Debug|x86
		{9991E27A-B758-46FC-835C-50553CEDAF47}.Debug|x86.ActiveCfg = Debug|Any CPU
		{9991E27A-B758-46FC-835C-50553CEDAF47}.DVD-5|Any CPU.ActiveCfg = Debug|Any CPU
		{9991E27A-B758-46FC-835C-50553CEDAF47}.DVD-5|Any CPU.Build.0 = Debug|Any CPU
		{9991E27A-B758-46FC-835C-50553CEDAF47}.DVD-5|Mixed Platforms.ActiveCfg = Debug|x86
		{9991E27A-B758-46FC-835C-50553CEDAF47}.DVD-5|Mixed Platforms.Build.0 = Debug|x86
		{9991E27A-B758-46FC-835C-50553CEDAF47}.DVD-5|x64.ActiveCfg = Debug|Any CPU
		{9991E27A-B758-46FC-835C-50553CEDAF47}.DVD-5|x86.ActiveCfg = Debug|x86
		{9991E27A-B758-46FC-835C-50553CEDAF47}.DVD-5|x86.Build.0 = Debug|x86
		{9991E27A-B758-46FC-835C-50553CEDAF47}.Release|Any CPU.ActiveCfg = Release|Any CPU
		{9991E27A-B758-46FC-835C-50553CEDAF47}.Release|Any CPU.Build.0 = Release|Any CPU
		{9991E27A-B758-46FC-835C-50553CEDAF47}.Release|Mixed Platforms.ActiveCfg = Release|x86
		{9991E27A-B758-46FC-835C-50553CEDAF47}.Release|Mixed Platforms.Build.0 = Release|x86
		{9991E27A-B758-46FC-835C-50553CEDAF47}.Release|x64.ActiveCfg = Release|Any CPU
		{9991E27A-B758-46FC-835C-50553CEDAF47}.Release|x86.ActiveCfg = Release|Any CPU
		{9991E27A-B758-46FC-835C-50553CEDAF47}.SingleImage|Any CPU.ActiveCfg = Release|Any CPU
		{9991E27A-B758-46FC-835C-50553CEDAF47}.SingleImage|Any CPU.Build.0 = Release|Any CPU
		{9991E27A-B758-46FC-835C-50553CEDAF47}.SingleImage|Mixed Platforms.ActiveCfg = Debug|x86
		{9991E27A-B758-46FC-835C-50553CEDAF47}.SingleImage|Mixed Platforms.Build.0 = Debug|x86
		{9991E27A-B758-46FC-835C-50553CEDAF47}.SingleImage|x64.ActiveCfg = Release|Any CPU
		{9991E27A-B758-46FC-835C-50553CEDAF47}.SingleImage|x86.ActiveCfg = Release|x86
		{9991E27A-B758-46FC-835C-50553CEDAF47}.SingleImage|x86.Build.0 = Release|x86
		{0D9360E3-246F-478B-BAE7-BB1B2E81D2B8}.CD_ROM|Any CPU.ActiveCfg = Release|x86
		{0D9360E3-246F-478B-BAE7-BB1B2E81D2B8}.CD_ROM|Mixed Platforms.ActiveCfg = Debug|x86
		{0D9360E3-246F-478B-BAE7-BB1B2E81D2B8}.CD_ROM|Mixed Platforms.Build.0 = Debug|x86
		{0D9360E3-246F-478B-BAE7-BB1B2E81D2B8}.CD_ROM|x64.ActiveCfg = Debug|x64
		{0D9360E3-246F-478B-BAE7-BB1B2E81D2B8}.CD_ROM|x64.Build.0 = Debug|x64
		{0D9360E3-246F-478B-BAE7-BB1B2E81D2B8}.CD_ROM|x86.ActiveCfg = Release|x86
		{0D9360E3-246F-478B-BAE7-BB1B2E81D2B8}.CD_ROM|x86.Build.0 = Release|x86
		{0D9360E3-246F-478B-BAE7-BB1B2E81D2B8}.Debug|Any CPU.ActiveCfg = Debug|x86
		{0D9360E3-246F-478B-BAE7-BB1B2E81D2B8}.Debug|Any CPU.Build.0 = Debug|x86
		{0D9360E3-246F-478B-BAE7-BB1B2E81D2B8}.Debug|Mixed Platforms.ActiveCfg = Debug|x86
		{0D9360E3-246F-478B-BAE7-BB1B2E81D2B8}.Debug|Mixed Platforms.Build.0 = Debug|x86
		{0D9360E3-246F-478B-BAE7-BB1B2E81D2B8}.Debug|x64.ActiveCfg = Debug|x86
		{0D9360E3-246F-478B-BAE7-BB1B2E81D2B8}.Debug|x64.Build.0 = Debug|x86
		{0D9360E3-246F-478B-BAE7-BB1B2E81D2B8}.Debug|x86.ActiveCfg = Debug|x86
		{0D9360E3-246F-478B-BAE7-BB1B2E81D2B8}.Debug|x86.Build.0 = Debug|x86
		{0D9360E3-246F-478B-BAE7-BB1B2E81D2B8}.DVD-5|Any CPU.ActiveCfg = Debug|x86
		{0D9360E3-246F-478B-BAE7-BB1B2E81D2B8}.DVD-5|Mixed Platforms.ActiveCfg = Debug|x86
		{0D9360E3-246F-478B-BAE7-BB1B2E81D2B8}.DVD-5|Mixed Platforms.Build.0 = Debug|x86
		{0D9360E3-246F-478B-BAE7-BB1B2E81D2B8}.DVD-5|x64.ActiveCfg = Debug|x64
		{0D9360E3-246F-478B-BAE7-BB1B2E81D2B8}.DVD-5|x64.Build.0 = Debug|x64
		{0D9360E3-246F-478B-BAE7-BB1B2E81D2B8}.DVD-5|x86.ActiveCfg = Debug|x86
		{0D9360E3-246F-478B-BAE7-BB1B2E81D2B8}.DVD-5|x86.Build.0 = Debug|x86
		{0D9360E3-246F-478B-BAE7-BB1B2E81D2B8}.Release|Any CPU.ActiveCfg = Release|x86
		{0D9360E3-246F-478B-BAE7-BB1B2E81D2B8}.Release|Mixed Platforms.ActiveCfg = Release|x86
		{0D9360E3-246F-478B-BAE7-BB1B2E81D2B8}.Release|Mixed Platforms.Build.0 = Release|x86
		{0D9360E3-246F-478B-BAE7-BB1B2E81D2B8}.Release|x64.ActiveCfg = Release|x64
		{0D9360E3-246F-478B-BAE7-BB1B2E81D2B8}.Release|x64.Build.0 = Release|x64
		{0D9360E3-246F-478B-BAE7-BB1B2E81D2B8}.Release|x86.ActiveCfg = Release|x86
		{0D9360E3-246F-478B-BAE7-BB1B2E81D2B8}.Release|x86.Build.0 = Release|x86
		{0D9360E3-246F-478B-BAE7-BB1B2E81D2B8}.SingleImage|Any CPU.ActiveCfg = Release|x86
		{0D9360E3-246F-478B-BAE7-BB1B2E81D2B8}.SingleImage|Mixed Platforms.ActiveCfg = Debug|x86
		{0D9360E3-246F-478B-BAE7-BB1B2E81D2B8}.SingleImage|Mixed Platforms.Build.0 = Debug|x86
		{0D9360E3-246F-478B-BAE7-BB1B2E81D2B8}.SingleImage|x64.ActiveCfg = Debug|x64
		{0D9360E3-246F-478B-BAE7-BB1B2E81D2B8}.SingleImage|x64.Build.0 = Debug|x64
		{0D9360E3-246F-478B-BAE7-BB1B2E81D2B8}.SingleImage|x86.ActiveCfg = Release|x86
		{0D9360E3-246F-478B-BAE7-BB1B2E81D2B8}.SingleImage|x86.Build.0 = Release|x86
		{B2EAA028-FC3D-4525-AE1F-732FDED65DF9}.CD_ROM|Any CPU.ActiveCfg = Debug|Any CPU
		{B2EAA028-FC3D-4525-AE1F-732FDED65DF9}.CD_ROM|Any CPU.Build.0 = Debug|Any CPU
		{B2EAA028-FC3D-4525-AE1F-732FDED65DF9}.CD_ROM|Mixed Platforms.ActiveCfg = Debug|x86
		{B2EAA028-FC3D-4525-AE1F-732FDED65DF9}.CD_ROM|Mixed Platforms.Build.0 = Debug|x86
		{B2EAA028-FC3D-4525-AE1F-732FDED65DF9}.CD_ROM|x64.ActiveCfg = Debug|Any CPU
		{B2EAA028-FC3D-4525-AE1F-732FDED65DF9}.CD_ROM|x86.ActiveCfg = Release|x86
		{B2EAA028-FC3D-4525-AE1F-732FDED65DF9}.CD_ROM|x86.Build.0 = Release|x86
		{B2EAA028-FC3D-4525-AE1F-732FDED65DF9}.Debug|Any CPU.ActiveCfg = Debug|x86
		{B2EAA028-FC3D-4525-AE1F-732FDED65DF9}.Debug|Any CPU.Build.0 = Debug|x86
		{B2EAA028-FC3D-4525-AE1F-732FDED65DF9}.Debug|Mixed Platforms.ActiveCfg = Debug|x86
		{B2EAA028-FC3D-4525-AE1F-732FDED65DF9}.Debug|Mixed Platforms.Build.0 = Debug|x86
		{B2EAA028-FC3D-4525-AE1F-732FDED65DF9}.Debug|x64.ActiveCfg = Debug|x86
		{B2EAA028-FC3D-4525-AE1F-732FDED65DF9}.Debug|x64.Build.0 = Debug|x86
		{B2EAA028-FC3D-4525-AE1F-732FDED65DF9}.Debug|x64.Deploy.0 = Debug|x86
		{B2EAA028-FC3D-4525-AE1F-732FDED65DF9}.Debug|x86.ActiveCfg = Debug|x86
		{B2EAA028-FC3D-4525-AE1F-732FDED65DF9}.Debug|x86.Build.0 = Debug|x86
		{B2EAA028-FC3D-4525-AE1F-732FDED65DF9}.DVD-5|Any CPU.ActiveCfg = Debug|Any CPU
		{B2EAA028-FC3D-4525-AE1F-732FDED65DF9}.DVD-5|Any CPU.Build.0 = Debug|Any CPU
		{B2EAA028-FC3D-4525-AE1F-732FDED65DF9}.DVD-5|Mixed Platforms.ActiveCfg = Debug|x86
		{B2EAA028-FC3D-4525-AE1F-732FDED65DF9}.DVD-5|Mixed Platforms.Build.0 = Debug|x86
		{B2EAA028-FC3D-4525-AE1F-732FDED65DF9}.DVD-5|x64.ActiveCfg = Debug|Any CPU
		{B2EAA028-FC3D-4525-AE1F-732FDED65DF9}.DVD-5|x86.ActiveCfg = Debug|x86
		{B2EAA028-FC3D-4525-AE1F-732FDED65DF9}.DVD-5|x86.Build.0 = Debug|x86
		{B2EAA028-FC3D-4525-AE1F-732FDED65DF9}.Release|Any CPU.ActiveCfg = Release|Any CPU
		{B2EAA028-FC3D-4525-AE1F-732FDED65DF9}.Release|Any CPU.Build.0 = Release|Any CPU
		{B2EAA028-FC3D-4525-AE1F-732FDED65DF9}.Release|Mixed Platforms.ActiveCfg = Release|x86
		{B2EAA028-FC3D-4525-AE1F-732FDED65DF9}.Release|Mixed Platforms.Build.0 = Release|x86
		{B2EAA028-FC3D-4525-AE1F-732FDED65DF9}.Release|x64.ActiveCfg = Release|Any CPU
		{B2EAA028-FC3D-4525-AE1F-732FDED65DF9}.Release|x86.ActiveCfg = Release|x86
		{B2EAA028-FC3D-4525-AE1F-732FDED65DF9}.Release|x86.Build.0 = Release|x86
		{B2EAA028-FC3D-4525-AE1F-732FDED65DF9}.SingleImage|Any CPU.ActiveCfg = Debug|Any CPU
		{B2EAA028-FC3D-4525-AE1F-732FDED65DF9}.SingleImage|Any CPU.Build.0 = Debug|Any CPU
		{B2EAA028-FC3D-4525-AE1F-732FDED65DF9}.SingleImage|Mixed Platforms.ActiveCfg = Debug|x86
		{B2EAA028-FC3D-4525-AE1F-732FDED65DF9}.SingleImage|Mixed Platforms.Build.0 = Debug|x86
		{B2EAA028-FC3D-4525-AE1F-732FDED65DF9}.SingleImage|x64.ActiveCfg = Debug|Any CPU
		{B2EAA028-FC3D-4525-AE1F-732FDED65DF9}.SingleImage|x86.ActiveCfg = Release|x86
		{B2EAA028-FC3D-4525-AE1F-732FDED65DF9}.SingleImage|x86.Build.0 = Release|x86
		{7BBBB005-F4C2-4D70-A1B2-AEECFDBBFD7D}.CD_ROM|Any CPU.ActiveCfg = Release
		{7BBBB005-F4C2-4D70-A1B2-AEECFDBBFD7D}.CD_ROM|Any CPU.Build.0 = Release
		{7BBBB005-F4C2-4D70-A1B2-AEECFDBBFD7D}.CD_ROM|Mixed Platforms.ActiveCfg = Debug
		{7BBBB005-F4C2-4D70-A1B2-AEECFDBBFD7D}.CD_ROM|Mixed Platforms.Build.0 = Debug
		{7BBBB005-F4C2-4D70-A1B2-AEECFDBBFD7D}.CD_ROM|x64.ActiveCfg = Release
		{7BBBB005-F4C2-4D70-A1B2-AEECFDBBFD7D}.CD_ROM|x64.Build.0 = Release
		{7BBBB005-F4C2-4D70-A1B2-AEECFDBBFD7D}.CD_ROM|x86.ActiveCfg = Release
		{7BBBB005-F4C2-4D70-A1B2-AEECFDBBFD7D}.CD_ROM|x86.Build.0 = Release
		{7BBBB005-F4C2-4D70-A1B2-AEECFDBBFD7D}.Debug|Any CPU.ActiveCfg = Debug
		{7BBBB005-F4C2-4D70-A1B2-AEECFDBBFD7D}.Debug|Mixed Platforms.ActiveCfg = Debug
		{7BBBB005-F4C2-4D70-A1B2-AEECFDBBFD7D}.Debug|Mixed Platforms.Build.0 = Debug
		{7BBBB005-F4C2-4D70-A1B2-AEECFDBBFD7D}.Debug|x64.ActiveCfg = Debug
		{7BBBB005-F4C2-4D70-A1B2-AEECFDBBFD7D}.Debug|x86.ActiveCfg = Debug
		{7BBBB005-F4C2-4D70-A1B2-AEECFDBBFD7D}.Debug|x86.Build.0 = Debug
		{7BBBB005-F4C2-4D70-A1B2-AEECFDBBFD7D}.DVD-5|Any CPU.ActiveCfg = Debug
		{7BBBB005-F4C2-4D70-A1B2-AEECFDBBFD7D}.DVD-5|Any CPU.Build.0 = Debug
		{7BBBB005-F4C2-4D70-A1B2-AEECFDBBFD7D}.DVD-5|Mixed Platforms.ActiveCfg = Debug
		{7BBBB005-F4C2-4D70-A1B2-AEECFDBBFD7D}.DVD-5|Mixed Platforms.Build.0 = Debug
		{7BBBB005-F4C2-4D70-A1B2-AEECFDBBFD7D}.DVD-5|x64.ActiveCfg = Debug
		{7BBBB005-F4C2-4D70-A1B2-AEECFDBBFD7D}.DVD-5|x64.Build.0 = Debug
		{7BBBB005-F4C2-4D70-A1B2-AEECFDBBFD7D}.DVD-5|x86.ActiveCfg = Debug
		{7BBBB005-F4C2-4D70-A1B2-AEECFDBBFD7D}.DVD-5|x86.Build.0 = Debug
		{7BBBB005-F4C2-4D70-A1B2-AEECFDBBFD7D}.Release|Any CPU.ActiveCfg = Release
		{7BBBB005-F4C2-4D70-A1B2-AEECFDBBFD7D}.Release|Mixed Platforms.ActiveCfg = Release
		{7BBBB005-F4C2-4D70-A1B2-AEECFDBBFD7D}.Release|Mixed Platforms.Build.0 = Release
		{7BBBB005-F4C2-4D70-A1B2-AEECFDBBFD7D}.Release|x64.ActiveCfg = Release
		{7BBBB005-F4C2-4D70-A1B2-AEECFDBBFD7D}.Release|x64.Build.0 = Release
		{7BBBB005-F4C2-4D70-A1B2-AEECFDBBFD7D}.Release|x86.ActiveCfg = Release
		{7BBBB005-F4C2-4D70-A1B2-AEECFDBBFD7D}.Release|x86.Build.0 = Release
		{7BBBB005-F4C2-4D70-A1B2-AEECFDBBFD7D}.SingleImage|Any CPU.ActiveCfg = Release
		{7BBBB005-F4C2-4D70-A1B2-AEECFDBBFD7D}.SingleImage|Any CPU.Build.0 = Release
		{7BBBB005-F4C2-4D70-A1B2-AEECFDBBFD7D}.SingleImage|Mixed Platforms.ActiveCfg = Debug
		{7BBBB005-F4C2-4D70-A1B2-AEECFDBBFD7D}.SingleImage|Mixed Platforms.Build.0 = Debug
		{7BBBB005-F4C2-4D70-A1B2-AEECFDBBFD7D}.SingleImage|x64.ActiveCfg = Release
		{7BBBB005-F4C2-4D70-A1B2-AEECFDBBFD7D}.SingleImage|x64.Build.0 = Release
		{7BBBB005-F4C2-4D70-A1B2-AEECFDBBFD7D}.SingleImage|x86.ActiveCfg = Release
		{7BBBB005-F4C2-4D70-A1B2-AEECFDBBFD7D}.SingleImage|x86.Build.0 = Release
		{AB10A419-08CE-4E54-9DC7-F379FE565E64}.CD_ROM|Any CPU.ActiveCfg = CD_ROM
		{AB10A419-08CE-4E54-9DC7-F379FE565E64}.CD_ROM|Any CPU.Build.0 = CD_ROM
		{AB10A419-08CE-4E54-9DC7-F379FE565E64}.CD_ROM|Mixed Platforms.ActiveCfg = CD_ROM
		{AB10A419-08CE-4E54-9DC7-F379FE565E64}.CD_ROM|Mixed Platforms.Build.0 = CD_ROM
		{AB10A419-08CE-4E54-9DC7-F379FE565E64}.CD_ROM|x64.ActiveCfg = CD_ROM
		{AB10A419-08CE-4E54-9DC7-F379FE565E64}.CD_ROM|x64.Build.0 = CD_ROM
		{AB10A419-08CE-4E54-9DC7-F379FE565E64}.CD_ROM|x86.ActiveCfg = CD_ROM
		{AB10A419-08CE-4E54-9DC7-F379FE565E64}.CD_ROM|x86.Build.0 = CD_ROM
		{AB10A419-08CE-4E54-9DC7-F379FE565E64}.Debug|Any CPU.ActiveCfg = DVD-5
		{AB10A419-08CE-4E54-9DC7-F379FE565E64}.Debug|Any CPU.Build.0 = DVD-5
		{AB10A419-08CE-4E54-9DC7-F379FE565E64}.Debug|Mixed Platforms.ActiveCfg = DVD-5
		{AB10A419-08CE-4E54-9DC7-F379FE565E64}.Debug|Mixed Platforms.Build.0 = DVD-5
		{AB10A419-08CE-4E54-9DC7-F379FE565E64}.Debug|x64.ActiveCfg = DVD-5
		{AB10A419-08CE-4E54-9DC7-F379FE565E64}.Debug|x64.Build.0 = DVD-5
		{AB10A419-08CE-4E54-9DC7-F379FE565E64}.Debug|x86.ActiveCfg = DVD-5
		{AB10A419-08CE-4E54-9DC7-F379FE565E64}.Debug|x86.Build.0 = DVD-5
		{AB10A419-08CE-4E54-9DC7-F379FE565E64}.DVD-5|Any CPU.ActiveCfg = DVD-5
		{AB10A419-08CE-4E54-9DC7-F379FE565E64}.DVD-5|Any CPU.Build.0 = DVD-5
		{AB10A419-08CE-4E54-9DC7-F379FE565E64}.DVD-5|Mixed Platforms.ActiveCfg = DVD-5
		{AB10A419-08CE-4E54-9DC7-F379FE565E64}.DVD-5|Mixed Platforms.Build.0 = DVD-5
		{AB10A419-08CE-4E54-9DC7-F379FE565E64}.DVD-5|x64.ActiveCfg = DVD-5
		{AB10A419-08CE-4E54-9DC7-F379FE565E64}.DVD-5|x64.Build.0 = DVD-5
		{AB10A419-08CE-4E54-9DC7-F379FE565E64}.DVD-5|x86.ActiveCfg = DVD-5
		{AB10A419-08CE-4E54-9DC7-F379FE565E64}.DVD-5|x86.Build.0 = DVD-5
		{AB10A419-08CE-4E54-9DC7-F379FE565E64}.Release|Any CPU.ActiveCfg = SingleImage
		{AB10A419-08CE-4E54-9DC7-F379FE565E64}.Release|Any CPU.Build.0 = SingleImage
		{AB10A419-08CE-4E54-9DC7-F379FE565E64}.Release|Mixed Platforms.ActiveCfg = SingleImage
		{AB10A419-08CE-4E54-9DC7-F379FE565E64}.Release|Mixed Platforms.Build.0 = SingleImage
		{AB10A419-08CE-4E54-9DC7-F379FE565E64}.Release|x64.ActiveCfg = SingleImage
		{AB10A419-08CE-4E54-9DC7-F379FE565E64}.Release|x64.Build.0 = SingleImage
		{AB10A419-08CE-4E54-9DC7-F379FE565E64}.Release|x86.ActiveCfg = SingleImage
		{AB10A419-08CE-4E54-9DC7-F379FE565E64}.Release|x86.Build.0 = SingleImage
		{AB10A419-08CE-4E54-9DC7-F379FE565E64}.SingleImage|Any CPU.ActiveCfg = SingleImage
		{AB10A419-08CE-4E54-9DC7-F379FE565E64}.SingleImage|Any CPU.Build.0 = SingleImage
		{AB10A419-08CE-4E54-9DC7-F379FE565E64}.SingleImage|Mixed Platforms.ActiveCfg = SingleImage
		{AB10A419-08CE-4E54-9DC7-F379FE565E64}.SingleImage|Mixed Platforms.Build.0 = SingleImage
		{AB10A419-08CE-4E54-9DC7-F379FE565E64}.SingleImage|x64.ActiveCfg = SingleImage
		{AB10A419-08CE-4E54-9DC7-F379FE565E64}.SingleImage|x64.Build.0 = SingleImage
		{AB10A419-08CE-4E54-9DC7-F379FE565E64}.SingleImage|x86.ActiveCfg = SingleImage
		{AB10A419-08CE-4E54-9DC7-F379FE565E64}.SingleImage|x86.Build.0 = SingleImage
		{D97F1DD6-48B5-4CD5-A96A-48D94591D94B}.CD_ROM|Any CPU.ActiveCfg = Release|Any CPU
		{D97F1DD6-48B5-4CD5-A96A-48D94591D94B}.CD_ROM|Any CPU.Build.0 = Release|Any CPU
		{D97F1DD6-48B5-4CD5-A96A-48D94591D94B}.CD_ROM|Mixed Platforms.ActiveCfg = Release|Any CPU
		{D97F1DD6-48B5-4CD5-A96A-48D94591D94B}.CD_ROM|Mixed Platforms.Build.0 = Release|Any CPU
		{D97F1DD6-48B5-4CD5-A96A-48D94591D94B}.CD_ROM|x64.ActiveCfg = Release|Any CPU
		{D97F1DD6-48B5-4CD5-A96A-48D94591D94B}.CD_ROM|x86.ActiveCfg = Release|Any CPU
		{D97F1DD6-48B5-4CD5-A96A-48D94591D94B}.Debug|Any CPU.ActiveCfg = Debug|Any CPU
		{D97F1DD6-48B5-4CD5-A96A-48D94591D94B}.Debug|Any CPU.Build.0 = Debug|Any CPU
		{D97F1DD6-48B5-4CD5-A96A-48D94591D94B}.Debug|Mixed Platforms.ActiveCfg = Debug|Any CPU
		{D97F1DD6-48B5-4CD5-A96A-48D94591D94B}.Debug|Mixed Platforms.Build.0 = Debug|Any CPU
		{D97F1DD6-48B5-4CD5-A96A-48D94591D94B}.Debug|x64.ActiveCfg = Debug|Any CPU
		{D97F1DD6-48B5-4CD5-A96A-48D94591D94B}.Debug|x86.ActiveCfg = Debug|Any CPU
		{D97F1DD6-48B5-4CD5-A96A-48D94591D94B}.DVD-5|Any CPU.ActiveCfg = Debug|Any CPU
		{D97F1DD6-48B5-4CD5-A96A-48D94591D94B}.DVD-5|Any CPU.Build.0 = Debug|Any CPU
		{D97F1DD6-48B5-4CD5-A96A-48D94591D94B}.DVD-5|Mixed Platforms.ActiveCfg = Debug|Any CPU
		{D97F1DD6-48B5-4CD5-A96A-48D94591D94B}.DVD-5|Mixed Platforms.Build.0 = Debug|Any CPU
		{D97F1DD6-48B5-4CD5-A96A-48D94591D94B}.DVD-5|x64.ActiveCfg = Debug|Any CPU
		{D97F1DD6-48B5-4CD5-A96A-48D94591D94B}.DVD-5|x86.ActiveCfg = Debug|Any CPU
		{D97F1DD6-48B5-4CD5-A96A-48D94591D94B}.Release|Any CPU.ActiveCfg = Release|Any CPU
		{D97F1DD6-48B5-4CD5-A96A-48D94591D94B}.Release|Any CPU.Build.0 = Release|Any CPU
		{D97F1DD6-48B5-4CD5-A96A-48D94591D94B}.Release|Mixed Platforms.ActiveCfg = Release|Any CPU
		{D97F1DD6-48B5-4CD5-A96A-48D94591D94B}.Release|Mixed Platforms.Build.0 = Release|Any CPU
		{D97F1DD6-48B5-4CD5-A96A-48D94591D94B}.Release|x64.ActiveCfg = Release|Any CPU
		{D97F1DD6-48B5-4CD5-A96A-48D94591D94B}.Release|x86.ActiveCfg = Release|Any CPU
		{D97F1DD6-48B5-4CD5-A96A-48D94591D94B}.SingleImage|Any CPU.ActiveCfg = Release|Any CPU
		{D97F1DD6-48B5-4CD5-A96A-48D94591D94B}.SingleImage|Any CPU.Build.0 = Release|Any CPU
		{D97F1DD6-48B5-4CD5-A96A-48D94591D94B}.SingleImage|Mixed Platforms.ActiveCfg = Release|Any CPU
		{D97F1DD6-48B5-4CD5-A96A-48D94591D94B}.SingleImage|Mixed Platforms.Build.0 = Release|Any CPU
		{D97F1DD6-48B5-4CD5-A96A-48D94591D94B}.SingleImage|x64.ActiveCfg = Release|Any CPU
		{D97F1DD6-48B5-4CD5-A96A-48D94591D94B}.SingleImage|x86.ActiveCfg = Release|Any CPU
		{0B49D269-70A6-42FE-B04B-AD4855210EEF}.CD_ROM|Any CPU.ActiveCfg = Release|Any CPU
		{0B49D269-70A6-42FE-B04B-AD4855210EEF}.CD_ROM|Any CPU.Build.0 = Release|Any CPU
		{0B49D269-70A6-42FE-B04B-AD4855210EEF}.CD_ROM|Mixed Platforms.ActiveCfg = Release|Any CPU
		{0B49D269-70A6-42FE-B04B-AD4855210EEF}.CD_ROM|Mixed Platforms.Build.0 = Release|Any CPU
		{0B49D269-70A6-42FE-B04B-AD4855210EEF}.CD_ROM|x64.ActiveCfg = Release|Any CPU
		{0B49D269-70A6-42FE-B04B-AD4855210EEF}.CD_ROM|x86.ActiveCfg = Release|Any CPU
		{0B49D269-70A6-42FE-B04B-AD4855210EEF}.Debug|Any CPU.ActiveCfg = Debug|Any CPU
		{0B49D269-70A6-42FE-B04B-AD4855210EEF}.Debug|Any CPU.Build.0 = Debug|Any CPU
		{0B49D269-70A6-42FE-B04B-AD4855210EEF}.Debug|Mixed Platforms.ActiveCfg = Debug|Any CPU
		{0B49D269-70A6-42FE-B04B-AD4855210EEF}.Debug|Mixed Platforms.Build.0 = Debug|Any CPU
		{0B49D269-70A6-42FE-B04B-AD4855210EEF}.Debug|x64.ActiveCfg = Debug|Any CPU
		{0B49D269-70A6-42FE-B04B-AD4855210EEF}.Debug|x86.ActiveCfg = Debug|Any CPU
		{0B49D269-70A6-42FE-B04B-AD4855210EEF}.DVD-5|Any CPU.ActiveCfg = Debug|Any CPU
		{0B49D269-70A6-42FE-B04B-AD4855210EEF}.DVD-5|Any CPU.Build.0 = Debug|Any CPU
		{0B49D269-70A6-42FE-B04B-AD4855210EEF}.DVD-5|Mixed Platforms.ActiveCfg = Debug|Any CPU
		{0B49D269-70A6-42FE-B04B-AD4855210EEF}.DVD-5|Mixed Platforms.Build.0 = Debug|Any CPU
		{0B49D269-70A6-42FE-B04B-AD4855210EEF}.DVD-5|x64.ActiveCfg = Debug|Any CPU
		{0B49D269-70A6-42FE-B04B-AD4855210EEF}.DVD-5|x86.ActiveCfg = Debug|Any CPU
		{0B49D269-70A6-42FE-B04B-AD4855210EEF}.Release|Any CPU.ActiveCfg = Release|Any CPU
		{0B49D269-70A6-42FE-B04B-AD4855210EEF}.Release|Any CPU.Build.0 = Release|Any CPU
		{0B49D269-70A6-42FE-B04B-AD4855210EEF}.Release|Mixed Platforms.ActiveCfg = Release|Any CPU
		{0B49D269-70A6-42FE-B04B-AD4855210EEF}.Release|Mixed Platforms.Build.0 = Release|Any CPU
		{0B49D269-70A6-42FE-B04B-AD4855210EEF}.Release|x64.ActiveCfg = Release|Any CPU
		{0B49D269-70A6-42FE-B04B-AD4855210EEF}.Release|x86.ActiveCfg = Release|Any CPU
		{0B49D269-70A6-42FE-B04B-AD4855210EEF}.SingleImage|Any CPU.ActiveCfg = Release|Any CPU
		{0B49D269-70A6-42FE-B04B-AD4855210EEF}.SingleImage|Any CPU.Build.0 = Release|Any CPU
		{0B49D269-70A6-42FE-B04B-AD4855210EEF}.SingleImage|Mixed Platforms.ActiveCfg = Release|Any CPU
		{0B49D269-70A6-42FE-B04B-AD4855210EEF}.SingleImage|Mixed Platforms.Build.0 = Release|Any CPU
		{0B49D269-70A6-42FE-B04B-AD4855210EEF}.SingleImage|x64.ActiveCfg = Release|Any CPU
		{0B49D269-70A6-42FE-B04B-AD4855210EEF}.SingleImage|x86.ActiveCfg = Release|Any CPU
	EndGlobalSection
	GlobalSection(SolutionProperties) = preSolution
		HideSolutionNode = FALSE
	EndGlobalSection
EndGlobal
